
Microsoft Visual Studio Solution File, Format Version 12.00
Project("{FAE04EC0-301F-11D3-BF4B-00C04F79EFBC}") = "StoreApi", "StoreApi\StoreApi.csproj", "{B138A094-C26D-4FB5-ADAC-62C94BB7AEF0}"
EndProject
Project("{FAE04EC0-301F-11D3-BF4B-00C04F79EFBC}") = "OrderService", "OrderService\OrderService.csproj", "{855C4C20-4B27-41A9-BD04-E26F86A23680}"
EndProject
Project("{FAE04EC0-301F-11D3-BF4B-00C04F79EFBC}") = "BasketService", "BasketService\BasketService.csproj", "{026D80D3-BBD0-4865-8208-1D0ABB3CB0F0}"
EndProject
Project("{FAE04EC0-301F-11D3-BF4B-00C04F79EFBC}") = "TicketsService", "TicketsService\TicketsService.csproj", "{770C4EF7-34AA-4446-ADE5-6B3A6A85C5B6}"
EndProject
Project("{FAE04EC0-301F-11D3-BF4B-00C04F79EFBC}") = "CommonStuff", "CommonStuff\CommonStuff.csproj", "{53A70C85-3929-4FE6-A997-97CAC4B5CBF1}"
EndProject
Project("{2150E333-8FDC-42A3-9474-1A3956D46DE8}") = "CommonProjects", "CommonProjects", "{41EA5ED6-9736-4576-A806-8CE37059898B}"
EndProject
Project("{2150E333-8FDC-42A3-9474-1A3956D46DE8}") = "Services", "Services", "{FDDD8CAB-CF84-452E-B6E3-C1380AEDE7F0}"
EndProject
Project("{FAE04EC0-301F-11D3-BF4B-00C04F79EFBC}") = "Messages", "Messages\Messages.csproj", "{C4495FAC-5B3E-4602-B9A5-BEC4DAA40C55}"
EndProject
Project("{FAE04EC0-301F-11D3-BF4B-00C04F79EFBC}") = "SagaService", "SagaService\SagaService.csproj", "{9B923BF1-72C2-4CD9-BF0B-BA95F2BD4137}"
EndProject
Global
	GlobalSection(SolutionConfigurationPlatforms) = preSolution
		Debug|Any CPU = Debug|Any CPU
		Release|Any CPU = Release|Any CPU
	EndGlobalSection
	GlobalSection(ProjectConfigurationPlatforms) = postSolution
		{B138A094-C26D-4FB5-ADAC-62C94BB7AEF0}.Debug|Any CPU.ActiveCfg = Debug|Any CPU
		{B138A094-C26D-4FB5-ADAC-62C94BB7AEF0}.Debug|Any CPU.Build.0 = Debug|Any CPU
		{B138A094-C26D-4FB5-ADAC-62C94BB7AEF0}.Release|Any CPU.ActiveCfg = Release|Any CPU
		{B138A094-C26D-4FB5-ADAC-62C94BB7AEF0}.Release|Any CPU.Build.0 = Release|Any CPU
		{855C4C20-4B27-41A9-BD04-E26F86A23680}.Debug|Any CPU.ActiveCfg = Debug|Any CPU
		{855C4C20-4B27-41A9-BD04-E26F86A23680}.Debug|Any CPU.Build.0 = Debug|Any CPU
		{855C4C20-4B27-41A9-BD04-E26F86A23680}.Release|Any CPU.ActiveCfg = Release|Any CPU
		{855C4C20-4B27-41A9-BD04-E26F86A23680}.Release|Any CPU.Build.0 = Release|Any CPU
		{026D80D3-BBD0-4865-8208-1D0ABB3CB0F0}.Debug|Any CPU.ActiveCfg = Debug|Any CPU
		{026D80D3-BBD0-4865-8208-1D0ABB3CB0F0}.Debug|Any CPU.Build.0 = Debug|Any CPU
		{026D80D3-BBD0-4865-8208-1D0ABB3CB0F0}.Release|Any CPU.ActiveCfg = Release|Any CPU
		{026D80D3-BBD0-4865-8208-1D0ABB3CB0F0}.Release|Any CPU.Build.0 = Release|Any CPU
		{770C4EF7-34AA-4446-ADE5-6B3A6A85C5B6}.Debug|Any CPU.ActiveCfg = Debug|Any CPU
		{770C4EF7-34AA-4446-ADE5-6B3A6A85C5B6}.Debug|Any CPU.Build.0 = Debug|Any CPU
		{770C4EF7-34AA-4446-ADE5-6B3A6A85C5B6}.Release|Any CPU.ActiveCfg = Release|Any CPU
		{770C4EF7-34AA-4446-ADE5-6B3A6A85C5B6}.Release|Any CPU.Build.0 = Release|Any CPU
		{53A70C85-3929-4FE6-A997-97CAC4B5CBF1}.Debug|Any CPU.ActiveCfg = Debug|Any CPU
		{53A70C85-3929-4FE6-A997-97CAC4B5CBF1}.Debug|Any CPU.Build.0 = Debug|Any CPU
		{53A70C85-3929-4FE6-A997-97CAC4B5CBF1}.Release|Any CPU.ActiveCfg = Release|Any CPU
		{53A70C85-3929-4FE6-A997-97CAC4B5CBF1}.Release|Any CPU.Build.0 = Release|Any CPU
		{C4495FAC-5B3E-4602-B9A5-BEC4DAA40C55}.Debug|Any CPU.ActiveCfg = Debug|Any CPU
		{C4495FAC-5B3E-4602-B9A5-BEC4DAA40C55}.Debug|Any CPU.Build.0 = Debug|Any CPU
		{C4495FAC-5B3E-4602-B9A5-BEC4DAA40C55}.Release|Any CPU.ActiveCfg = Release|Any CPU
		{C4495FAC-5B3E-4602-B9A5-BEC4DAA40C55}.Release|Any CPU.Build.0 = Release|Any CPU
		{9B923BF1-72C2-4CD9-BF0B-BA95F2BD4137}.Debug|Any CPU.ActiveCfg = Debug|Any CPU
		{9B923BF1-72C2-4CD9-BF0B-BA95F2BD4137}.Debug|Any CPU.Build.0 = Debug|Any CPU
		{9B923BF1-72C2-4CD9-BF0B-BA95F2BD4137}.Release|Any CPU.ActiveCfg = Release|Any CPU
		{9B923BF1-72C2-4CD9-BF0B-BA95F2BD4137}.Release|Any CPU.Build.0 = Release|Any CPU
	EndGlobalSection
	GlobalSection(NestedProjects) = preSolution
		{855C4C20-4B27-41A9-BD04-E26F86A23680} = {FDDD8CAB-CF84-452E-B6E3-C1380AEDE7F0}
		{026D80D3-BBD0-4865-8208-1D0ABB3CB0F0} = {FDDD8CAB-CF84-452E-B6E3-C1380AEDE7F0}
		{770C4EF7-34AA-4446-ADE5-6B3A6A85C5B6} = {FDDD8CAB-CF84-452E-B6E3-C1380AEDE7F0}
		{53A70C85-3929-4FE6-A997-97CAC4B5CBF1} = {41EA5ED6-9736-4576-A806-8CE37059898B}
		{C4495FAC-5B3E-4602-B9A5-BEC4DAA40C55} = {41EA5ED6-9736-4576-A806-8CE37059898B}
		{9B923BF1-72C2-4CD9-BF0B-BA95F2BD4137} = {FDDD8CAB-CF84-452E-B6E3-C1380AEDE7F0}
	EndGlobalSection
EndGlobal
