
Microsoft Visual Studio Solution File, Format Version 12.00
Project("{FAE04EC0-301F-11D3-BF4B-00C04F79EFBC}") = "WebApiPerfTest", "WebApiPerfTest\WebApiPerfTest.csproj", "{0907D14B-F8FD-41C8-9A49-CFBB6702BEC5}"
EndProject
Project("{FAE04EC0-301F-11D3-BF4B-00C04F79EFBC}") = "WebApiPerfTest1", "WebApiPerfTest1\WebApiPerfTest1.csproj", "{3FE5AC31-136C-4CC0-BD26-64094E4B7CCB}"
EndProject
Global
	GlobalSection(SolutionConfigurationPlatforms) = preSolution
		Debug|Any CPU = Debug|Any CPU
		Release|Any CPU = Release|Any CPU
	EndGlobalSection
	GlobalSection(ProjectConfigurationPlatforms) = postSolution
		{0907D14B-F8FD-41C8-9A49-CFBB6702BEC5}.Debug|Any CPU.ActiveCfg = Debug|Any CPU
		{0907D14B-F8FD-41C8-9A49-CFBB6702BEC5}.Debug|Any CPU.Build.0 = Debug|Any CPU
		{0907D14B-F8FD-41C8-9A49-CFBB6702BEC5}.Release|Any CPU.ActiveCfg = Release|Any CPU
		{0907D14B-F8FD-41C8-9A49-CFBB6702BEC5}.Release|Any CPU.Build.0 = Release|Any CPU
		{3FE5AC31-136C-4CC0-BD26-64094E4B7CCB}.Debug|Any CPU.ActiveCfg = Debug|Any CPU
		{3FE5AC31-136C-4CC0-BD26-64094E4B7CCB}.Debug|Any CPU.Build.0 = Debug|Any CPU
		{3FE5AC31-136C-4CC0-BD26-64094E4B7CCB}.Release|Any CPU.ActiveCfg = Release|Any CPU
		{3FE5AC31-136C-4CC0-BD26-64094E4B7CCB}.Release|Any CPU.Build.0 = Release|Any CPU
	EndGlobalSection
EndGlobal
